// !$*UTF8*$!
{
	archiveVersion = 1;
	classes = {
	};
	objectVersion = 51;
	objects = {

/* Begin PBXBuildFile section */
		B83A5679695AA9C4FA514F5A /* Pods_uchicagonative.framework in Frameworks */ = {isa = PBXBuildFile; fileRef = 6E697667E164833CBEE3BF86 /* Pods_uchicagonative.framework */; };
		C116347D24C6B3CF00B6C394 /* AppDelegate.swift in Sources */ = {isa = PBXBuildFile; fileRef = C116347C24C6B3CF00B6C394 /* AppDelegate.swift */; };
		C116348124C6B3CF00B6C394 /* LoginViewController.swift in Sources */ = {isa = PBXBuildFile; fileRef = C116348024C6B3CF00B6C394 /* LoginViewController.swift */; };
		C116348624C6B3D000B6C394 /* Assets.xcassets in Resources */ = {isa = PBXBuildFile; fileRef = C116348524C6B3D000B6C394 /* Assets.xcassets */; };
		C116348924C6B3D000B6C394 /* LaunchScreen.storyboard in Resources */ = {isa = PBXBuildFile; fileRef = C116348724C6B3D000B6C394 /* LaunchScreen.storyboard */; };
		C116349524C6B6E100B6C394 /* R.generated.swift in Sources */ = {isa = PBXBuildFile; fileRef = C116349424C6B6E100B6C394 /* R.generated.swift */; };
		C135296324D3C2F10004D9B8 /* UIViewController+Extension.swift in Sources */ = {isa = PBXBuildFile; fileRef = C135296224D3C2F10004D9B8 /* UIViewController+Extension.swift */; };
		C135296524D3F4380004D9B8 /* EditProfileViewModel.swift in Sources */ = {isa = PBXBuildFile; fileRef = C135296424D3F4380004D9B8 /* EditProfileViewModel.swift */; };
		C135296724D4051B0004D9B8 /* Dictionary+Extension.swift in Sources */ = {isa = PBXBuildFile; fileRef = C135296624D4051B0004D9B8 /* Dictionary+Extension.swift */; };
		C13B712524D6C4D70035EF8F /* PickerViewController.swift in Sources */ = {isa = PBXBuildFile; fileRef = C13B712424D6C4D70035EF8F /* PickerViewController.swift */; };
		C15166C224EBB9E3008B6DB0 /* UITapGestureRecognizer+Extension.swift in Sources */ = {isa = PBXBuildFile; fileRef = C15166C124EBB9E3008B6DB0 /* UITapGestureRecognizer+Extension.swift */; };
		C16DD95C24D9D58F00EAC82E /* GetHelpViewModel.swift in Sources */ = {isa = PBXBuildFile; fileRef = C16DD95B24D9D58F00EAC82E /* GetHelpViewModel.swift */; };
		C16DD95E24DA7A4E00EAC82E /* User.swift in Sources */ = {isa = PBXBuildFile; fileRef = C16DD95D24DA7A4E00EAC82E /* User.swift */; };
		C16DD96024DA82DC00EAC82E /* MenuScreenViewModel.swift in Sources */ = {isa = PBXBuildFile; fileRef = C16DD95F24DA82DC00EAC82E /* MenuScreenViewModel.swift */; };
		C16DD96424DAAEBB00EAC82E /* UserSession.swift in Sources */ = {isa = PBXBuildFile; fileRef = C16DD96324DAAEBB00EAC82E /* UserSession.swift */; };
		C16DD96624DBACA400EAC82E /* tos.html in Resources */ = {isa = PBXBuildFile; fileRef = C16DD96524DBACA400EAC82E /* tos.html */; };
		C16DD96824DBB1DA00EAC82E /* style.css in Resources */ = {isa = PBXBuildFile; fileRef = C16DD96724DBB1DA00EAC82E /* style.css */; };
		C16DD96B24DD2D6F00EAC82E /* GameScreenViewController.swift in Sources */ = {isa = PBXBuildFile; fileRef = C16DD96A24DD2D6F00EAC82E /* GameScreenViewController.swift */; };
		C16DD96D24DD2D7C00EAC82E /* GameScreenViewModel.swift in Sources */ = {isa = PBXBuildFile; fileRef = C16DD96C24DD2D7C00EAC82E /* GameScreenViewModel.swift */; };
		C16DD96F24DD3DCC00EAC82E /* UIColor+Extension.swift in Sources */ = {isa = PBXBuildFile; fileRef = C16DD96E24DD3DCB00EAC82E /* UIColor+Extension.swift */; };
		C16DD97224DD5EB300EAC82E /* diaspora.svg in Resources */ = {isa = PBXBuildFile; fileRef = C16DD97124DD5EB300EAC82E /* diaspora.svg */; };
		C16DD97424DD60F400EAC82E /* SvgImageView.swift in Sources */ = {isa = PBXBuildFile; fileRef = C16DD97324DD60F400EAC82E /* SvgImageView.swift */; };
		C16DD97924DD696B00EAC82E /* punisher.svg in Resources */ = {isa = PBXBuildFile; fileRef = C16DD97524DD696B00EAC82E /* punisher.svg */; };
		C16DD97A24DD696B00EAC82E /* githublogo.svg in Resources */ = {isa = PBXBuildFile; fileRef = C16DD97624DD696B00EAC82E /* githublogo.svg */; };
		C16DD97B24DD696B00EAC82E /* wrestling.svg in Resources */ = {isa = PBXBuildFile; fileRef = C16DD97724DD696B00EAC82E /* wrestling.svg */; };
		C16DD97C24DD696B00EAC82E /* square.svg in Resources */ = {isa = PBXBuildFile; fileRef = C16DD97824DD696B00EAC82E /* square.svg */; };
		C16DD97E24E27A1200EAC82E /* SessionConfiguration.swift in Sources */ = {isa = PBXBuildFile; fileRef = C16DD97D24E27A1200EAC82E /* SessionConfiguration.swift */; };
		C16DD98024E3F65000EAC82E /* RoundResult.swift in Sources */ = {isa = PBXBuildFile; fileRef = C16DD97F24E3F64F00EAC82E /* RoundResult.swift */; };
		C1713C8624C937F9002D0E04 /* GoogleService-Info.plist in Resources */ = {isa = PBXBuildFile; fileRef = C1713C8524C937F9002D0E04 /* GoogleService-Info.plist */; };
		C1713C8B24C94B23002D0E04 /* RootViewController.swift in Sources */ = {isa = PBXBuildFile; fileRef = C1713C8A24C94B23002D0E04 /* RootViewController.swift */; };
		C1713C8F24C9529E002D0E04 /* SplashViewController.swift in Sources */ = {isa = PBXBuildFile; fileRef = C1713C8E24C9529E002D0E04 /* SplashViewController.swift */; };
		C1713C9324C99D3D002D0E04 /* UIView+ExtensionLayout.swift in Sources */ = {isa = PBXBuildFile; fileRef = C1713C9224C99D3D002D0E04 /* UIView+ExtensionLayout.swift */; };
		C1713C9524CA88C4002D0E04 /* PrimaryButton.swift in Sources */ = {isa = PBXBuildFile; fileRef = C1713C9424CA88C4002D0E04 /* PrimaryButton.swift */; };
		C1713C9724CA8F10002D0E04 /* CustomTextFieldView.swift in Sources */ = {isa = PBXBuildFile; fileRef = C1713C9624CA8F10002D0E04 /* CustomTextFieldView.swift */; };
		C1713C9A24CABBA2002D0E04 /* Colors.xcassets in Resources */ = {isa = PBXBuildFile; fileRef = C1713C9924CABBA2002D0E04 /* Colors.xcassets */; };
		C1713C9C24CAC27E002D0E04 /* LoginViewModel.swift in Sources */ = {isa = PBXBuildFile; fileRef = C1713C9B24CAC27E002D0E04 /* LoginViewModel.swift */; };
		C1713CE824CEA4D8002D0E04 /* RecoverPasswordViewController.swift in Sources */ = {isa = PBXBuildFile; fileRef = C1713CE724CEA4D8002D0E04 /* RecoverPasswordViewController.swift */; };
		C1713CEA24CEAC50002D0E04 /* RecoverPasswordViewModel.swift in Sources */ = {isa = PBXBuildFile; fileRef = C1713CE924CEAC50002D0E04 /* RecoverPasswordViewModel.swift */; };
		C1713CEC24CEC7B3002D0E04 /* AlertAssist.swift in Sources */ = {isa = PBXBuildFile; fileRef = C1713CEB24CEC7B3002D0E04 /* AlertAssist.swift */; };
		C1713CEF24CED257002D0E04 /* CreateAccountViewController.swift in Sources */ = {isa = PBXBuildFile; fileRef = C1713CEE24CED257002D0E04 /* CreateAccountViewController.swift */; };
		C1713CF124CED5D1002D0E04 /* CreateAccountViewModel.swift in Sources */ = {isa = PBXBuildFile; fileRef = C1713CF024CED5D1002D0E04 /* CreateAccountViewModel.swift */; };
		C1713CF424CFCCC4002D0E04 /* PopupMenu.swift in Sources */ = {isa = PBXBuildFile; fileRef = C1713CF324CFCCC4002D0E04 /* PopupMenu.swift */; };
		C1713CF724CFD7AB002D0E04 /* FirebaseManager.swift in Sources */ = {isa = PBXBuildFile; fileRef = C1713CF624CFD7AB002D0E04 /* FirebaseManager.swift */; };
		C1713CF924CFE9E6002D0E04 /* CustomSelectButtonView.swift in Sources */ = {isa = PBXBuildFile; fileRef = C1713CF824CFE9E6002D0E04 /* CustomSelectButtonView.swift */; };
		C19693D024C6C61A0054296F /* VerticalStackView.swift in Sources */ = {isa = PBXBuildFile; fileRef = C19693CF24C6C61A0054296F /* VerticalStackView.swift */; };
		C19693D324C6CE0E0054296F /* MenuScreenViewController.swift in Sources */ = {isa = PBXBuildFile; fileRef = C19693D224C6CE0E0054296F /* MenuScreenViewController.swift */; };
		C19693D524C6CEF40054296F /* Constants.swift in Sources */ = {isa = PBXBuildFile; fileRef = C19693D424C6CEF40054296F /* Constants.swift */; };
		C19693D724C6D6090054296F /* UIButton+Extension.swift in Sources */ = {isa = PBXBuildFile; fileRef = C19693D624C6D6090054296F /* UIButton+Extension.swift */; };
		C19693DC24C6D93F0054296F /* EmptyViewController.swift in Sources */ = {isa = PBXBuildFile; fileRef = C19693DB24C6D93F0054296F /* EmptyViewController.swift */; };
		C19693DF24C6DA6E0054296F /* EditProfileViewController.swift in Sources */ = {isa = PBXBuildFile; fileRef = C19693DE24C6DA6E0054296F /* EditProfileViewController.swift */; };
		C19693E224C6FA820054296F /* UILabel+Extension.swift in Sources */ = {isa = PBXBuildFile; fileRef = C19693E124C6FA820054296F /* UILabel+Extension.swift */; };
		C19693E424C6FC370054296F /* AboutUsViewController.swift in Sources */ = {isa = PBXBuildFile; fileRef = C19693E324C6FC370054296F /* AboutUsViewController.swift */; };
		C19693E724C70B270054296F /* GetHelpViewController.swift in Sources */ = {isa = PBXBuildFile; fileRef = C19693E624C70B270054296F /* GetHelpViewController.swift */; };
		C19693EA24C710AF0054296F /* SendFeedbackViewController.swift in Sources */ = {isa = PBXBuildFile; fileRef = C19693E924C710AF0054296F /* SendFeedbackViewController.swift */; };
		C19693ED24C71C250054296F /* TermsOfServiceViewController.swift in Sources */ = {isa = PBXBuildFile; fileRef = C19693EC24C71C250054296F /* TermsOfServiceViewController.swift */; };
		C19693FB24C833C90054296F /* Helvetica-Medium.ttf in Resources */ = {isa = PBXBuildFile; fileRef = C19693F924C832F00054296F /* Helvetica-Medium.ttf */; };
		C19693FC24C833CC0054296F /* Karla-Bold.ttf in Resources */ = {isa = PBXBuildFile; fileRef = C19693F624C832EF0054296F /* Karla-Bold.ttf */; };
		C19693FD24C833CE0054296F /* Karla-BoldItalic.ttf in Resources */ = {isa = PBXBuildFile; fileRef = C19693FA24C832F00054296F /* Karla-BoldItalic.ttf */; };
		C19693FE24C833D10054296F /* Karla-Italic.ttf in Resources */ = {isa = PBXBuildFile; fileRef = C19693F724C832EF0054296F /* Karla-Italic.ttf */; };
		C19693FF24C833D30054296F /* Karla-Regular.ttf in Resources */ = {isa = PBXBuildFile; fileRef = C19693F824C832F00054296F /* Karla-Regular.ttf */; };
		C196940124C839320054296F /* UITextField+Extension.swift in Sources */ = {isa = PBXBuildFile; fileRef = C196940024C839320054296F /* UITextField+Extension.swift */; };
		C1DDE19B24EF7BB0004C2DAD /* Cell.swift in Sources */ = {isa = PBXBuildFile; fileRef = C1DDE19A24EF7BB0004C2DAD /* Cell.swift */; };
		C1DDE19D24EF817F004C2DAD /* Test.swift in Sources */ = {isa = PBXBuildFile; fileRef = C1DDE19C24EF817F004C2DAD /* Test.swift */; };
		C1DDE19F24EF81F8004C2DAD /* Sample.swift in Sources */ = {isa = PBXBuildFile; fileRef = C1DDE19E24EF81F8004C2DAD /* Sample.swift */; };
		C1DDE1AF24EF9FB7004C2DAD /* GameScreenViewModelTests.swift in Sources */ = {isa = PBXBuildFile; fileRef = C1DDE1AE24EF9FB7004C2DAD /* GameScreenViewModelTests.swift */; };
		C1DDE1B124EFB8D4004C2DAD /* Trials.swift in Sources */ = {isa = PBXBuildFile; fileRef = C1DDE1B024EFB8D4004C2DAD /* Trials.swift */; };
		C1FD150324D152F700188BE0 /* CheckFields.swift in Sources */ = {isa = PBXBuildFile; fileRef = C1FD150224D152F700188BE0 /* CheckFields.swift */; };
		DCFE8439F703789B6F951BAD /* libPods-uchicagonativeTests.a in Frameworks */ = {isa = PBXBuildFile; fileRef = 69FB28B26A8E0665B1F2328E /* libPods-uchicagonativeTests.a */; };
/* End PBXBuildFile section */

/* Begin PBXContainerItemProxy section */
		C1DDE1A924EF9DF1004C2DAD /* PBXContainerItemProxy */ = {
			isa = PBXContainerItemProxy;
			containerPortal = C116347124C6B3CF00B6C394 /* Project object */;
			proxyType = 1;
			remoteGlobalIDString = C116347824C6B3CF00B6C394;
			remoteInfo = uchicagonative;
		};
/* End PBXContainerItemProxy section */

/* Begin PBXFileReference section */
		3A831BF9AA14B4AEA62E3772 /* Pods-uchicagonativeTests.debug.xcconfig */ = {isa = PBXFileReference; includeInIndex = 1; lastKnownFileType = text.xcconfig; name = "Pods-uchicagonativeTests.debug.xcconfig"; path = "Target Support Files/Pods-uchicagonativeTests/Pods-uchicagonativeTests.debug.xcconfig"; sourceTree = "<group>"; };
		452E7DE1E42071F3EF87F67F /* Pods-uchicagonativeTests.release.xcconfig */ = {isa = PBXFileReference; includeInIndex = 1; lastKnownFileType = text.xcconfig; name = "Pods-uchicagonativeTests.release.xcconfig"; path = "Target Support Files/Pods-uchicagonativeTests/Pods-uchicagonativeTests.release.xcconfig"; sourceTree = "<group>"; };
		69FB28B26A8E0665B1F2328E /* libPods-uchicagonativeTests.a */ = {isa = PBXFileReference; explicitFileType = archive.ar; includeInIndex = 0; path = "libPods-uchicagonativeTests.a"; sourceTree = BUILT_PRODUCTS_DIR; };
		6E697667E164833CBEE3BF86 /* Pods_uchicagonative.framework */ = {isa = PBXFileReference; explicitFileType = wrapper.framework; includeInIndex = 0; path = Pods_uchicagonative.framework; sourceTree = BUILT_PRODUCTS_DIR; };
		B2DB33634EAD77BD503BC23B /* Pods-uchicagonative.release.xcconfig */ = {isa = PBXFileReference; includeInIndex = 1; lastKnownFileType = text.xcconfig; name = "Pods-uchicagonative.release.xcconfig"; path = "Target Support Files/Pods-uchicagonative/Pods-uchicagonative.release.xcconfig"; sourceTree = "<group>"; };
		C0FA2B54450C2D1DEFCE8148 /* Pods-uchicagonative.debug.xcconfig */ = {isa = PBXFileReference; includeInIndex = 1; lastKnownFileType = text.xcconfig; name = "Pods-uchicagonative.debug.xcconfig"; path = "Target Support Files/Pods-uchicagonative/Pods-uchicagonative.debug.xcconfig"; sourceTree = "<group>"; };
		C116347924C6B3CF00B6C394 /* uchicagonative.app */ = {isa = PBXFileReference; explicitFileType = wrapper.application; includeInIndex = 0; path = uchicagonative.app; sourceTree = BUILT_PRODUCTS_DIR; };
		C116347C24C6B3CF00B6C394 /* AppDelegate.swift */ = {isa = PBXFileReference; lastKnownFileType = sourcecode.swift; path = AppDelegate.swift; sourceTree = "<group>"; };
		C116348024C6B3CF00B6C394 /* LoginViewController.swift */ = {isa = PBXFileReference; lastKnownFileType = sourcecode.swift; path = LoginViewController.swift; sourceTree = "<group>"; };
		C116348524C6B3D000B6C394 /* Assets.xcassets */ = {isa = PBXFileReference; lastKnownFileType = folder.assetcatalog; path = Assets.xcassets; sourceTree = "<group>"; };
		C116348824C6B3D000B6C394 /* Base */ = {isa = PBXFileReference; lastKnownFileType = file.storyboard; name = Base; path = Base.lproj/LaunchScreen.storyboard; sourceTree = "<group>"; };
		C116348A24C6B3D000B6C394 /* Info.plist */ = {isa = PBXFileReference; lastKnownFileType = text.plist.xml; path = Info.plist; sourceTree = "<group>"; };
		C116349424C6B6E100B6C394 /* R.generated.swift */ = {isa = PBXFileReference; fileEncoding = 4; lastKnownFileType = sourcecode.swift; path = R.generated.swift; sourceTree = SOURCE_ROOT; };
		C135296224D3C2F10004D9B8 /* UIViewController+Extension.swift */ = {isa = PBXFileReference; lastKnownFileType = sourcecode.swift; path = "UIViewController+Extension.swift"; sourceTree = "<group>"; };
		C135296424D3F4380004D9B8 /* EditProfileViewModel.swift */ = {isa = PBXFileReference; lastKnownFileType = sourcecode.swift; path = EditProfileViewModel.swift; sourceTree = "<group>"; };
		C135296624D4051B0004D9B8 /* Dictionary+Extension.swift */ = {isa = PBXFileReference; lastKnownFileType = sourcecode.swift; path = "Dictionary+Extension.swift"; sourceTree = "<group>"; };
		C13B712424D6C4D70035EF8F /* PickerViewController.swift */ = {isa = PBXFileReference; lastKnownFileType = sourcecode.swift; path = PickerViewController.swift; sourceTree = "<group>"; };
		C15166C124EBB9E3008B6DB0 /* UITapGestureRecognizer+Extension.swift */ = {isa = PBXFileReference; lastKnownFileType = sourcecode.swift; path = "UITapGestureRecognizer+Extension.swift"; sourceTree = "<group>"; };
		C16DD95B24D9D58F00EAC82E /* GetHelpViewModel.swift */ = {isa = PBXFileReference; lastKnownFileType = sourcecode.swift; path = GetHelpViewModel.swift; sourceTree = "<group>"; };
		C16DD95D24DA7A4E00EAC82E /* User.swift */ = {isa = PBXFileReference; lastKnownFileType = sourcecode.swift; path = User.swift; sourceTree = "<group>"; };
		C16DD95F24DA82DC00EAC82E /* MenuScreenViewModel.swift */ = {isa = PBXFileReference; lastKnownFileType = sourcecode.swift; path = MenuScreenViewModel.swift; sourceTree = "<group>"; };
		C16DD96324DAAEBB00EAC82E /* UserSession.swift */ = {isa = PBXFileReference; lastKnownFileType = sourcecode.swift; path = UserSession.swift; sourceTree = "<group>"; };
		C16DD96524DBACA400EAC82E /* tos.html */ = {isa = PBXFileReference; fileEncoding = 4; lastKnownFileType = text.html; path = tos.html; sourceTree = "<group>"; };
		C16DD96724DBB1DA00EAC82E /* style.css */ = {isa = PBXFileReference; fileEncoding = 4; lastKnownFileType = text.css; path = style.css; sourceTree = "<group>"; };
		C16DD96A24DD2D6F00EAC82E /* GameScreenViewController.swift */ = {isa = PBXFileReference; lastKnownFileType = sourcecode.swift; path = GameScreenViewController.swift; sourceTree = "<group>"; };
		C16DD96C24DD2D7C00EAC82E /* GameScreenViewModel.swift */ = {isa = PBXFileReference; lastKnownFileType = sourcecode.swift; path = GameScreenViewModel.swift; sourceTree = "<group>"; };
		C16DD96E24DD3DCB00EAC82E /* UIColor+Extension.swift */ = {isa = PBXFileReference; lastKnownFileType = sourcecode.swift; path = "UIColor+Extension.swift"; sourceTree = "<group>"; };
		C16DD97124DD5EB300EAC82E /* diaspora.svg */ = {isa = PBXFileReference; fileEncoding = 4; lastKnownFileType = text; path = diaspora.svg; sourceTree = "<group>"; };
		C16DD97324DD60F400EAC82E /* SvgImageView.swift */ = {isa = PBXFileReference; lastKnownFileType = sourcecode.swift; path = SvgImageView.swift; sourceTree = "<group>"; };
		C16DD97524DD696B00EAC82E /* punisher.svg */ = {isa = PBXFileReference; fileEncoding = 4; lastKnownFileType = text; path = punisher.svg; sourceTree = "<group>"; };
		C16DD97624DD696B00EAC82E /* githublogo.svg */ = {isa = PBXFileReference; fileEncoding = 4; lastKnownFileType = text; path = githublogo.svg; sourceTree = "<group>"; };
		C16DD97724DD696B00EAC82E /* wrestling.svg */ = {isa = PBXFileReference; fileEncoding = 4; lastKnownFileType = text; path = wrestling.svg; sourceTree = "<group>"; };
		C16DD97824DD696B00EAC82E /* square.svg */ = {isa = PBXFileReference; fileEncoding = 4; lastKnownFileType = text; path = square.svg; sourceTree = "<group>"; };
		C16DD97D24E27A1200EAC82E /* SessionConfiguration.swift */ = {isa = PBXFileReference; lastKnownFileType = sourcecode.swift; path = SessionConfiguration.swift; sourceTree = "<group>"; };
		C16DD97F24E3F64F00EAC82E /* RoundResult.swift */ = {isa = PBXFileReference; lastKnownFileType = sourcecode.swift; path = RoundResult.swift; sourceTree = "<group>"; };
		C1713C8524C937F9002D0E04 /* GoogleService-Info.plist */ = {isa = PBXFileReference; fileEncoding = 4; lastKnownFileType = text.plist.xml; path = "GoogleService-Info.plist"; sourceTree = "<group>"; };
		C1713C8A24C94B23002D0E04 /* RootViewController.swift */ = {isa = PBXFileReference; lastKnownFileType = sourcecode.swift; path = RootViewController.swift; sourceTree = "<group>"; };
		C1713C8E24C9529E002D0E04 /* SplashViewController.swift */ = {isa = PBXFileReference; lastKnownFileType = sourcecode.swift; path = SplashViewController.swift; sourceTree = "<group>"; };
		C1713C9224C99D3D002D0E04 /* UIView+ExtensionLayout.swift */ = {isa = PBXFileReference; lastKnownFileType = sourcecode.swift; path = "UIView+ExtensionLayout.swift"; sourceTree = "<group>"; };
		C1713C9424CA88C4002D0E04 /* PrimaryButton.swift */ = {isa = PBXFileReference; lastKnownFileType = sourcecode.swift; path = PrimaryButton.swift; sourceTree = "<group>"; };
		C1713C9624CA8F10002D0E04 /* CustomTextFieldView.swift */ = {isa = PBXFileReference; lastKnownFileType = sourcecode.swift; path = CustomTextFieldView.swift; sourceTree = "<group>"; };
		C1713C9924CABBA2002D0E04 /* Colors.xcassets */ = {isa = PBXFileReference; lastKnownFileType = folder.assetcatalog; path = Colors.xcassets; sourceTree = "<group>"; };
		C1713C9B24CAC27E002D0E04 /* LoginViewModel.swift */ = {isa = PBXFileReference; lastKnownFileType = sourcecode.swift; path = LoginViewModel.swift; sourceTree = "<group>"; };
		C1713CE724CEA4D8002D0E04 /* RecoverPasswordViewController.swift */ = {isa = PBXFileReference; lastKnownFileType = sourcecode.swift; path = RecoverPasswordViewController.swift; sourceTree = "<group>"; };
		C1713CE924CEAC50002D0E04 /* RecoverPasswordViewModel.swift */ = {isa = PBXFileReference; lastKnownFileType = sourcecode.swift; path = RecoverPasswordViewModel.swift; sourceTree = "<group>"; };
		C1713CEB24CEC7B3002D0E04 /* AlertAssist.swift */ = {isa = PBXFileReference; lastKnownFileType = sourcecode.swift; path = AlertAssist.swift; sourceTree = "<group>"; };
		C1713CEE24CED257002D0E04 /* CreateAccountViewController.swift */ = {isa = PBXFileReference; lastKnownFileType = sourcecode.swift; path = CreateAccountViewController.swift; sourceTree = "<group>"; };
		C1713CF024CED5D1002D0E04 /* CreateAccountViewModel.swift */ = {isa = PBXFileReference; lastKnownFileType = sourcecode.swift; path = CreateAccountViewModel.swift; sourceTree = "<group>"; };
		C1713CF324CFCCC4002D0E04 /* PopupMenu.swift */ = {isa = PBXFileReference; lastKnownFileType = sourcecode.swift; path = PopupMenu.swift; sourceTree = "<group>"; };
		C1713CF624CFD7AB002D0E04 /* FirebaseManager.swift */ = {isa = PBXFileReference; lastKnownFileType = sourcecode.swift; path = FirebaseManager.swift; sourceTree = "<group>"; };
		C1713CF824CFE9E6002D0E04 /* CustomSelectButtonView.swift */ = {isa = PBXFileReference; lastKnownFileType = sourcecode.swift; path = CustomSelectButtonView.swift; sourceTree = "<group>"; };
		C19693CF24C6C61A0054296F /* VerticalStackView.swift */ = {isa = PBXFileReference; lastKnownFileType = sourcecode.swift; path = VerticalStackView.swift; sourceTree = "<group>"; };
		C19693D224C6CE0E0054296F /* MenuScreenViewController.swift */ = {isa = PBXFileReference; lastKnownFileType = sourcecode.swift; path = MenuScreenViewController.swift; sourceTree = "<group>"; };
		C19693D424C6CEF40054296F /* Constants.swift */ = {isa = PBXFileReference; lastKnownFileType = sourcecode.swift; path = Constants.swift; sourceTree = "<group>"; };
		C19693D624C6D6090054296F /* UIButton+Extension.swift */ = {isa = PBXFileReference; lastKnownFileType = sourcecode.swift; path = "UIButton+Extension.swift"; sourceTree = "<group>"; };
		C19693DB24C6D93F0054296F /* EmptyViewController.swift */ = {isa = PBXFileReference; lastKnownFileType = sourcecode.swift; path = EmptyViewController.swift; sourceTree = "<group>"; };
		C19693DE24C6DA6E0054296F /* EditProfileViewController.swift */ = {isa = PBXFileReference; lastKnownFileType = sourcecode.swift; path = EditProfileViewController.swift; sourceTree = "<group>"; };
		C19693E124C6FA820054296F /* UILabel+Extension.swift */ = {isa = PBXFileReference; lastKnownFileType = sourcecode.swift; path = "UILabel+Extension.swift"; sourceTree = "<group>"; };
		C19693E324C6FC370054296F /* AboutUsViewController.swift */ = {isa = PBXFileReference; lastKnownFileType = sourcecode.swift; path = AboutUsViewController.swift; sourceTree = "<group>"; };
		C19693E624C70B270054296F /* GetHelpViewController.swift */ = {isa = PBXFileReference; lastKnownFileType = sourcecode.swift; path = GetHelpViewController.swift; sourceTree = "<group>"; };
		C19693E924C710AF0054296F /* SendFeedbackViewController.swift */ = {isa = PBXFileReference; lastKnownFileType = sourcecode.swift; path = SendFeedbackViewController.swift; sourceTree = "<group>"; };
		C19693EC24C71C250054296F /* TermsOfServiceViewController.swift */ = {isa = PBXFileReference; lastKnownFileType = sourcecode.swift; path = TermsOfServiceViewController.swift; sourceTree = "<group>"; };
		C19693F624C832EF0054296F /* Karla-Bold.ttf */ = {isa = PBXFileReference; lastKnownFileType = file; path = "Karla-Bold.ttf"; sourceTree = "<group>"; };
		C19693F724C832EF0054296F /* Karla-Italic.ttf */ = {isa = PBXFileReference; lastKnownFileType = file; path = "Karla-Italic.ttf"; sourceTree = "<group>"; };
		C19693F824C832F00054296F /* Karla-Regular.ttf */ = {isa = PBXFileReference; lastKnownFileType = file; path = "Karla-Regular.ttf"; sourceTree = "<group>"; };
		C19693F924C832F00054296F /* Helvetica-Medium.ttf */ = {isa = PBXFileReference; lastKnownFileType = file; path = "Helvetica-Medium.ttf"; sourceTree = "<group>"; };
		C19693FA24C832F00054296F /* Karla-BoldItalic.ttf */ = {isa = PBXFileReference; lastKnownFileType = file; path = "Karla-BoldItalic.ttf"; sourceTree = "<group>"; };
		C196940024C839320054296F /* UITextField+Extension.swift */ = {isa = PBXFileReference; lastKnownFileType = sourcecode.swift; path = "UITextField+Extension.swift"; sourceTree = "<group>"; };
		C1DDE19A24EF7BB0004C2DAD /* Cell.swift */ = {isa = PBXFileReference; lastKnownFileType = sourcecode.swift; path = Cell.swift; sourceTree = "<group>"; };
		C1DDE19C24EF817F004C2DAD /* Test.swift */ = {isa = PBXFileReference; lastKnownFileType = sourcecode.swift; path = Test.swift; sourceTree = "<group>"; };
		C1DDE19E24EF81F8004C2DAD /* Sample.swift */ = {isa = PBXFileReference; lastKnownFileType = sourcecode.swift; path = Sample.swift; sourceTree = "<group>"; };
		C1DDE1A424EF9DF1004C2DAD /* uchicagonativeTests.xctest */ = {isa = PBXFileReference; explicitFileType = wrapper.cfbundle; includeInIndex = 0; path = uchicagonativeTests.xctest; sourceTree = BUILT_PRODUCTS_DIR; };
		C1DDE1A824EF9DF1004C2DAD /* Info.plist */ = {isa = PBXFileReference; lastKnownFileType = text.plist.xml; path = Info.plist; sourceTree = "<group>"; };
		C1DDE1AE24EF9FB7004C2DAD /* GameScreenViewModelTests.swift */ = {isa = PBXFileReference; lastKnownFileType = sourcecode.swift; path = GameScreenViewModelTests.swift; sourceTree = "<group>"; };
		C1DDE1B024EFB8D4004C2DAD /* Trials.swift */ = {isa = PBXFileReference; lastKnownFileType = sourcecode.swift; path = Trials.swift; sourceTree = "<group>"; };
		C1FD150224D152F700188BE0 /* CheckFields.swift */ = {isa = PBXFileReference; lastKnownFileType = sourcecode.swift; path = CheckFields.swift; sourceTree = "<group>"; };
/* End PBXFileReference section */

/* Begin PBXFrameworksBuildPhase section */
		C116347624C6B3CF00B6C394 /* Frameworks */ = {
			isa = PBXFrameworksBuildPhase;
			buildActionMask = 2147483647;
			files = (
				B83A5679695AA9C4FA514F5A /* Pods_uchicagonative.framework in Frameworks */,
			);
			runOnlyForDeploymentPostprocessing = 0;
		};
		C1DDE1A124EF9DF1004C2DAD /* Frameworks */ = {
			isa = PBXFrameworksBuildPhase;
			buildActionMask = 2147483647;
			files = (
				DCFE8439F703789B6F951BAD /* libPods-uchicagonativeTests.a in Frameworks */,
			);
			runOnlyForDeploymentPostprocessing = 0;
		};
/* End PBXFrameworksBuildPhase section */

/* Begin PBXGroup section */
		C116347024C6B3CF00B6C394 = {
			isa = PBXGroup;
			children = (
				C116347B24C6B3CF00B6C394 /* uchicagonative */,
				C1DDE1A524EF9DF1004C2DAD /* uchicagonativeTests */,
				C116347A24C6B3CF00B6C394 /* Products */,
				F8E867A4EFAAEBDF27F09CA1 /* Pods */,
				E11E9708F4C4490F52D0621F /* Frameworks */,
			);
			sourceTree = "<group>";
		};
		C116347A24C6B3CF00B6C394 /* Products */ = {
			isa = PBXGroup;
			children = (
				C116347924C6B3CF00B6C394 /* uchicagonative.app */,
				C1DDE1A424EF9DF1004C2DAD /* uchicagonativeTests.xctest */,
			);
			name = Products;
			sourceTree = "<group>";
		};
		C116347B24C6B3CF00B6C394 /* uchicagonative */ = {
			isa = PBXGroup;
			children = (
				C13B712324D6C4C70035EF8F /* PickerViewController */,
				C1713CF524CFD79C002D0E04 /* FireBaseManager */,
				C1713CF224CFCC93002D0E04 /* PopupMenu */,
				C1713C8C24C95284002D0E04 /* SplashViewController */,
				C1713C8924C94B11002D0E04 /* RootViewController */,
				C19693EB24C71C140054296F /* TermsOfServiceScreen */,
				C19693D924C6D7140054296F /* Helpers */,
				C19693E824C710940054296F /* SendFeedbackScreen */,
				C19693E524C70B150054296F /* GetHelpScreen */,
				C19693E024C6E6D70054296F /* AboutUsScreen */,
				C19693DD24C6DA5D0054296F /* EditProfileScreen */,
				C16DD96924DD2D4000EAC82E /* GameScreen */,
				C19693D124C6CDF40054296F /* MenuScreen */,
				C116349024C6B3DA00B6C394 /* LoginScreen */,
				C1713CE624CEA4AD002D0E04 /* RecoverPasswordScreen */,
				C1713CED24CED22B002D0E04 /* CreateAccountScreen */,
				C19693D824C6D70C0054296F /* Extensions */,
				C116349124C6B3E200B6C394 /* Commons */,
				C116349224C6B3EA00B6C394 /* Resources */,
			);
			path = uchicagonative;
			sourceTree = "<group>";
		};
		C116349024C6B3DA00B6C394 /* LoginScreen */ = {
			isa = PBXGroup;
			children = (
				C116348024C6B3CF00B6C394 /* LoginViewController.swift */,
				C1713C9B24CAC27E002D0E04 /* LoginViewModel.swift */,
			);
			path = LoginScreen;
			sourceTree = "<group>";
		};
		C116349124C6B3E200B6C394 /* Commons */ = {
			isa = PBXGroup;
			children = (
				C1713C8524C937F9002D0E04 /* GoogleService-Info.plist */,
				C116349424C6B6E100B6C394 /* R.generated.swift */,
				C116347C24C6B3CF00B6C394 /* AppDelegate.swift */,
				C116348724C6B3D000B6C394 /* LaunchScreen.storyboard */,
				C116348A24C6B3D000B6C394 /* Info.plist */,
				C19693D424C6CEF40054296F /* Constants.swift */,
			);
			path = Commons;
			sourceTree = "<group>";
		};
		C116349224C6B3EA00B6C394 /* Resources */ = {
			isa = PBXGroup;
			children = (
				C16DD97024DD5E4B00EAC82E /* SVG */,
				C13F115124D14E5B001676C2 /* HTML */,
				C19693F524C832D40054296F /* Fonts */,
				C116348524C6B3D000B6C394 /* Assets.xcassets */,
				C1713C9924CABBA2002D0E04 /* Colors.xcassets */,
			);
			path = Resources;
			sourceTree = "<group>";
		};
		C13B712324D6C4C70035EF8F /* PickerViewController */ = {
			isa = PBXGroup;
			children = (
				C13B712424D6C4D70035EF8F /* PickerViewController.swift */,
			);
			path = PickerViewController;
			sourceTree = "<group>";
		};
		C13F115124D14E5B001676C2 /* HTML */ = {
			isa = PBXGroup;
			children = (
				C16DD96524DBACA400EAC82E /* tos.html */,
				C16DD96724DBB1DA00EAC82E /* style.css */,
			);
			path = HTML;
			sourceTree = "<group>";
		};
		C16DD96924DD2D4000EAC82E /* GameScreen */ = {
			isa = PBXGroup;
			children = (
				C16DD96A24DD2D6F00EAC82E /* GameScreenViewController.swift */,
				C16DD96C24DD2D7C00EAC82E /* GameScreenViewModel.swift */,
				C1DDE1B024EFB8D4004C2DAD /* Trials.swift */,
				C16DD97F24E3F64F00EAC82E /* RoundResult.swift */,
				C1DDE19E24EF81F8004C2DAD /* Sample.swift */,
				C1DDE19C24EF817F004C2DAD /* Test.swift */,
				C1DDE19A24EF7BB0004C2DAD /* Cell.swift */,
			);
			path = GameScreen;
			sourceTree = "<group>";
		};
		C16DD97024DD5E4B00EAC82E /* SVG */ = {
			isa = PBXGroup;
			children = (
				C16DD97624DD696B00EAC82E /* githublogo.svg */,
				C16DD97824DD696B00EAC82E /* square.svg */,
				C16DD97524DD696B00EAC82E /* punisher.svg */,
				C16DD97724DD696B00EAC82E /* wrestling.svg */,
				C16DD97124DD5EB300EAC82E /* diaspora.svg */,
			);
			path = SVG;
			sourceTree = "<group>";
		};
		C1713C8924C94B11002D0E04 /* RootViewController */ = {
			isa = PBXGroup;
			children = (
				C1713C8A24C94B23002D0E04 /* RootViewController.swift */,
			);
			path = RootViewController;
			sourceTree = "<group>";
		};
		C1713C8C24C95284002D0E04 /* SplashViewController */ = {
			isa = PBXGroup;
			children = (
				C1713C8E24C9529E002D0E04 /* SplashViewController.swift */,
			);
			path = SplashViewController;
			sourceTree = "<group>";
		};
		C1713CE624CEA4AD002D0E04 /* RecoverPasswordScreen */ = {
			isa = PBXGroup;
			children = (
				C1713CE724CEA4D8002D0E04 /* RecoverPasswordViewController.swift */,
				C1713CE924CEAC50002D0E04 /* RecoverPasswordViewModel.swift */,
			);
			path = RecoverPasswordScreen;
			sourceTree = "<group>";
		};
		C1713CED24CED22B002D0E04 /* CreateAccountScreen */ = {
			isa = PBXGroup;
			children = (
				C1713CEE24CED257002D0E04 /* CreateAccountViewController.swift */,
				C1713CF024CED5D1002D0E04 /* CreateAccountViewModel.swift */,
			);
			path = CreateAccountScreen;
			sourceTree = "<group>";
		};
		C1713CF224CFCC93002D0E04 /* PopupMenu */ = {
			isa = PBXGroup;
			children = (
				C1713CF324CFCCC4002D0E04 /* PopupMenu.swift */,
			);
			path = PopupMenu;
			sourceTree = "<group>";
		};
		C1713CF524CFD79C002D0E04 /* FireBaseManager */ = {
			isa = PBXGroup;
			children = (
				C1713CF624CFD7AB002D0E04 /* FirebaseManager.swift */,
			);
			path = FireBaseManager;
			sourceTree = "<group>";
		};
		C19693D124C6CDF40054296F /* MenuScreen */ = {
			isa = PBXGroup;
			children = (
				C19693D224C6CE0E0054296F /* MenuScreenViewController.swift */,
				C16DD95F24DA82DC00EAC82E /* MenuScreenViewModel.swift */,
				C16DD95D24DA7A4E00EAC82E /* User.swift */,
				C16DD97D24E27A1200EAC82E /* SessionConfiguration.swift */,
				C16DD96324DAAEBB00EAC82E /* UserSession.swift */,
			);
			path = MenuScreen;
			sourceTree = "<group>";
		};
		C19693D824C6D70C0054296F /* Extensions */ = {
			isa = PBXGroup;
			children = (
				C19693D624C6D6090054296F /* UIButton+Extension.swift */,
				C19693E124C6FA820054296F /* UILabel+Extension.swift */,
				C196940024C839320054296F /* UITextField+Extension.swift */,
				C1713C9224C99D3D002D0E04 /* UIView+ExtensionLayout.swift */,
				C135296224D3C2F10004D9B8 /* UIViewController+Extension.swift */,
				C135296624D4051B0004D9B8 /* Dictionary+Extension.swift */,
				C16DD96E24DD3DCB00EAC82E /* UIColor+Extension.swift */,
				C15166C124EBB9E3008B6DB0 /* UITapGestureRecognizer+Extension.swift */,
			);
			path = Extensions;
			sourceTree = "<group>";
		};
		C19693D924C6D7140054296F /* Helpers */ = {
			isa = PBXGroup;
			children = (
				C19693CF24C6C61A0054296F /* VerticalStackView.swift */,
				C19693DB24C6D93F0054296F /* EmptyViewController.swift */,
				C1713C9424CA88C4002D0E04 /* PrimaryButton.swift */,
				C1713CF824CFE9E6002D0E04 /* CustomSelectButtonView.swift */,
				C1713C9624CA8F10002D0E04 /* CustomTextFieldView.swift */,
				C1713CEB24CEC7B3002D0E04 /* AlertAssist.swift */,
				C1FD150224D152F700188BE0 /* CheckFields.swift */,
				C16DD97324DD60F400EAC82E /* SvgImageView.swift */,
			);
			path = Helpers;
			sourceTree = "<group>";
		};
		C19693DD24C6DA5D0054296F /* EditProfileScreen */ = {
			isa = PBXGroup;
			children = (
				C19693DE24C6DA6E0054296F /* EditProfileViewController.swift */,
				C135296424D3F4380004D9B8 /* EditProfileViewModel.swift */,
			);
			path = EditProfileScreen;
			sourceTree = "<group>";
		};
		C19693E024C6E6D70054296F /* AboutUsScreen */ = {
			isa = PBXGroup;
			children = (
				C19693E324C6FC370054296F /* AboutUsViewController.swift */,
			);
			path = AboutUsScreen;
			sourceTree = "<group>";
		};
		C19693E524C70B150054296F /* GetHelpScreen */ = {
			isa = PBXGroup;
			children = (
				C19693E624C70B270054296F /* GetHelpViewController.swift */,
				C16DD95B24D9D58F00EAC82E /* GetHelpViewModel.swift */,
			);
			path = GetHelpScreen;
			sourceTree = "<group>";
		};
		C19693E824C710940054296F /* SendFeedbackScreen */ = {
			isa = PBXGroup;
			children = (
				C19693E924C710AF0054296F /* SendFeedbackViewController.swift */,
			);
			path = SendFeedbackScreen;
			sourceTree = "<group>";
		};
		C19693EB24C71C140054296F /* TermsOfServiceScreen */ = {
			isa = PBXGroup;
			children = (
				C19693EC24C71C250054296F /* TermsOfServiceViewController.swift */,
			);
			path = TermsOfServiceScreen;
			sourceTree = "<group>";
		};
		C19693F524C832D40054296F /* Fonts */ = {
			isa = PBXGroup;
			children = (
				C19693F924C832F00054296F /* Helvetica-Medium.ttf */,
				C19693F624C832EF0054296F /* Karla-Bold.ttf */,
				C19693FA24C832F00054296F /* Karla-BoldItalic.ttf */,
				C19693F724C832EF0054296F /* Karla-Italic.ttf */,
				C19693F824C832F00054296F /* Karla-Regular.ttf */,
			);
			path = Fonts;
			sourceTree = "<group>";
		};
		C1DDE1A524EF9DF1004C2DAD /* uchicagonativeTests */ = {
			isa = PBXGroup;
			children = (
				C1DDE1AE24EF9FB7004C2DAD /* GameScreenViewModelTests.swift */,
				C1DDE1A824EF9DF1004C2DAD /* Info.plist */,
			);
			path = uchicagonativeTests;
			sourceTree = "<group>";
		};
		E11E9708F4C4490F52D0621F /* Frameworks */ = {
			isa = PBXGroup;
			children = (
				6E697667E164833CBEE3BF86 /* Pods_uchicagonative.framework */,
				69FB28B26A8E0665B1F2328E /* libPods-uchicagonativeTests.a */,
			);
			name = Frameworks;
			sourceTree = "<group>";
		};
		F8E867A4EFAAEBDF27F09CA1 /* Pods */ = {
			isa = PBXGroup;
			children = (
				C0FA2B54450C2D1DEFCE8148 /* Pods-uchicagonative.debug.xcconfig */,
				B2DB33634EAD77BD503BC23B /* Pods-uchicagonative.release.xcconfig */,
				3A831BF9AA14B4AEA62E3772 /* Pods-uchicagonativeTests.debug.xcconfig */,
				452E7DE1E42071F3EF87F67F /* Pods-uchicagonativeTests.release.xcconfig */,
			);
			path = Pods;
			sourceTree = "<group>";
		};
/* End PBXGroup section */

/* Begin PBXNativeTarget section */
		C116347824C6B3CF00B6C394 /* uchicagonative */ = {
			isa = PBXNativeTarget;
			buildConfigurationList = C116348D24C6B3D000B6C394 /* Build configuration list for PBXNativeTarget "uchicagonative" */;
			buildPhases = (
				59F4BB75F49B5D834D53A242 /* [CP] Check Pods Manifest.lock */,
				C116349324C6B65700B6C394 /* Rswift */,
				C116349624C6B7FD00B6C394 /* SwiftFormat */,
				C116349724C6B9DF00B6C394 /* SwiftLint */,
				C116347524C6B3CF00B6C394 /* Sources */,
				C116347624C6B3CF00B6C394 /* Frameworks */,
				C116347724C6B3CF00B6C394 /* Resources */,
				63F0E8D754DDBB51C7FBAAEE /* [CP] Embed Pods Frameworks */,
			);
			buildRules = (
			);
			dependencies = (
			);
			name = uchicagonative;
			productName = uchicagonative;
			productReference = C116347924C6B3CF00B6C394 /* uchicagonative.app */;
			productType = "com.apple.product-type.application";
		};
		C1DDE1A324EF9DF1004C2DAD /* uchicagonativeTests */ = {
			isa = PBXNativeTarget;
			buildConfigurationList = C1DDE1AB24EF9DF1004C2DAD /* Build configuration list for PBXNativeTarget "uchicagonativeTests" */;
			buildPhases = (
				CD7C1A072D8F8D429202FBEE /* [CP] Check Pods Manifest.lock */,
				C1DDE1A024EF9DF1004C2DAD /* Sources */,
				C1DDE1A124EF9DF1004C2DAD /* Frameworks */,
				C1DDE1A224EF9DF1004C2DAD /* Resources */,
			);
			buildRules = (
			);
			dependencies = (
				C1DDE1AA24EF9DF1004C2DAD /* PBXTargetDependency */,
			);
			name = uchicagonativeTests;
			productName = uchicagonativeTests;
			productReference = C1DDE1A424EF9DF1004C2DAD /* uchicagonativeTests.xctest */;
			productType = "com.apple.product-type.bundle.unit-test";
		};
/* End PBXNativeTarget section */

/* Begin PBXProject section */
		C116347124C6B3CF00B6C394 /* Project object */ = {
			isa = PBXProject;
			attributes = {
				LastSwiftUpdateCheck = 1150;
				LastUpgradeCheck = 1150;
				ORGANIZATIONNAME = "Vasiliy Matveev";
				TargetAttributes = {
					C116347824C6B3CF00B6C394 = {
						CreatedOnToolsVersion = 11.5;
					};
					C1DDE1A324EF9DF1004C2DAD = {
						CreatedOnToolsVersion = 11.5;
						LastSwiftMigration = 1150;
						TestTargetID = C116347824C6B3CF00B6C394;
					};
				};
			};
			buildConfigurationList = C116347424C6B3CF00B6C394 /* Build configuration list for PBXProject "uchicagonative" */;
			compatibilityVersion = "Xcode 9.3";
			developmentRegion = en;
			hasScannedForEncodings = 0;
			knownRegions = (
				en,
				Base,
			);
			mainGroup = C116347024C6B3CF00B6C394;
			productRefGroup = C116347A24C6B3CF00B6C394 /* Products */;
			projectDirPath = "";
			projectRoot = "";
			targets = (
				C116347824C6B3CF00B6C394 /* uchicagonative */,
				C1DDE1A324EF9DF1004C2DAD /* uchicagonativeTests */,
			);
		};
/* End PBXProject section */

/* Begin PBXResourcesBuildPhase section */
		C116347724C6B3CF00B6C394 /* Resources */ = {
			isa = PBXResourcesBuildPhase;
			buildActionMask = 2147483647;
			files = (
				C1713C9A24CABBA2002D0E04 /* Colors.xcassets in Resources */,
				C16DD96824DBB1DA00EAC82E /* style.css in Resources */,
				C116348924C6B3D000B6C394 /* LaunchScreen.storyboard in Resources */,
				C116348624C6B3D000B6C394 /* Assets.xcassets in Resources */,
				C1713C8624C937F9002D0E04 /* GoogleService-Info.plist in Resources */,
				C16DD97224DD5EB300EAC82E /* diaspora.svg in Resources */,
				C16DD97924DD696B00EAC82E /* punisher.svg in Resources */,
				C19693FE24C833D10054296F /* Karla-Italic.ttf in Resources */,
				C19693FD24C833CE0054296F /* Karla-BoldItalic.ttf in Resources */,
				C16DD97C24DD696B00EAC82E /* square.svg in Resources */,
				C19693FF24C833D30054296F /* Karla-Regular.ttf in Resources */,
				C16DD96624DBACA400EAC82E /* tos.html in Resources */,
				C16DD97B24DD696B00EAC82E /* wrestling.svg in Resources */,
				C19693FB24C833C90054296F /* Helvetica-Medium.ttf in Resources */,
				C16DD97A24DD696B00EAC82E /* githublogo.svg in Resources */,
				C19693FC24C833CC0054296F /* Karla-Bold.ttf in Resources */,
			);
			runOnlyForDeploymentPostprocessing = 0;
		};
		C1DDE1A224EF9DF1004C2DAD /* Resources */ = {
			isa = PBXResourcesBuildPhase;
			buildActionMask = 2147483647;
			files = (
			);
			runOnlyForDeploymentPostprocessing = 0;
		};
/* End PBXResourcesBuildPhase section */

/* Begin PBXShellScriptBuildPhase section */
		59F4BB75F49B5D834D53A242 /* [CP] Check Pods Manifest.lock */ = {
			isa = PBXShellScriptBuildPhase;
			buildActionMask = 2147483647;
			files = (
			);
			inputFileListPaths = (
			);
			inputPaths = (
				"${PODS_PODFILE_DIR_PATH}/Podfile.lock",
				"${PODS_ROOT}/Manifest.lock",
			);
			name = "[CP] Check Pods Manifest.lock";
			outputFileListPaths = (
			);
			outputPaths = (
				"$(DERIVED_FILE_DIR)/Pods-uchicagonative-checkManifestLockResult.txt",
			);
			runOnlyForDeploymentPostprocessing = 0;
			shellPath = /bin/sh;
			shellScript = "diff \"${PODS_PODFILE_DIR_PATH}/Podfile.lock\" \"${PODS_ROOT}/Manifest.lock\" > /dev/null\nif [ $? != 0 ] ; then\n    # print error to STDERR\n    echo \"error: The sandbox is not in sync with the Podfile.lock. Run 'pod install' or update your CocoaPods installation.\" >&2\n    exit 1\nfi\n# This output is used by Xcode 'outputs' to avoid re-running this script phase.\necho \"SUCCESS\" > \"${SCRIPT_OUTPUT_FILE_0}\"\n";
			showEnvVarsInLog = 0;
		};
		63F0E8D754DDBB51C7FBAAEE /* [CP] Embed Pods Frameworks */ = {
			isa = PBXShellScriptBuildPhase;
			buildActionMask = 2147483647;
			files = (
			);
			inputFileListPaths = (
				"${PODS_ROOT}/Target Support Files/Pods-uchicagonative/Pods-uchicagonative-frameworks-${CONFIGURATION}-input-files.xcfilelist",
			);
			name = "[CP] Embed Pods Frameworks";
			outputFileListPaths = (
				"${PODS_ROOT}/Target Support Files/Pods-uchicagonative/Pods-uchicagonative-frameworks-${CONFIGURATION}-output-files.xcfilelist",
			);
			runOnlyForDeploymentPostprocessing = 0;
			shellPath = /bin/sh;
			shellScript = "\"${PODS_ROOT}/Target Support Files/Pods-uchicagonative/Pods-uchicagonative-frameworks.sh\"\n";
			showEnvVarsInLog = 0;
		};
		C116349324C6B65700B6C394 /* Rswift */ = {
			isa = PBXShellScriptBuildPhase;
			buildActionMask = 2147483647;
			files = (
			);
			inputFileListPaths = (
			);
			inputPaths = (
				"$TEMP_DIR/rswift-lastrun",
			);
			name = Rswift;
			outputFileListPaths = (
			);
			outputPaths = (
				$SRCROOT/R.generated.swift,
			);
			runOnlyForDeploymentPostprocessing = 0;
			shellPath = /bin/sh;
			shellScript = "\"$PODS_ROOT/R.swift/rswift\" generate \"$SRCROOT/R.generated.swift\"\n";
		};
		C116349624C6B7FD00B6C394 /* SwiftFormat */ = {
			isa = PBXShellScriptBuildPhase;
			buildActionMask = 2147483647;
			files = (
			);
			inputFileListPaths = (
			);
			inputPaths = (
			);
			name = SwiftFormat;
			outputFileListPaths = (
			);
			outputPaths = (
			);
			runOnlyForDeploymentPostprocessing = 0;
			shellPath = /bin/sh;
			shellScript = "\"${PODS_ROOT}/SwiftFormat/CommandLineTool/swiftformat\" \"$SRCROOT\"\n";
		};
		C116349724C6B9DF00B6C394 /* SwiftLint */ = {
			isa = PBXShellScriptBuildPhase;
			buildActionMask = 2147483647;
			files = (
			);
			inputFileListPaths = (
			);
			inputPaths = (
			);
			name = SwiftLint;
			outputFileListPaths = (
			);
			outputPaths = (
			);
			runOnlyForDeploymentPostprocessing = 0;
			shellPath = /bin/sh;
			shellScript = "${PODS_ROOT}/SwiftLint/swiftlint\n";
		};
		CD7C1A072D8F8D429202FBEE /* [CP] Check Pods Manifest.lock */ = {
			isa = PBXShellScriptBuildPhase;
			buildActionMask = 2147483647;
			files = (
			);
			inputFileListPaths = (
			);
			inputPaths = (
				"${PODS_PODFILE_DIR_PATH}/Podfile.lock",
				"${PODS_ROOT}/Manifest.lock",
			);
			name = "[CP] Check Pods Manifest.lock";
			outputFileListPaths = (
			);
			outputPaths = (
				"$(DERIVED_FILE_DIR)/Pods-uchicagonativeTests-checkManifestLockResult.txt",
			);
			runOnlyForDeploymentPostprocessing = 0;
			shellPath = /bin/sh;
			shellScript = "diff \"${PODS_PODFILE_DIR_PATH}/Podfile.lock\" \"${PODS_ROOT}/Manifest.lock\" > /dev/null\nif [ $? != 0 ] ; then\n    # print error to STDERR\n    echo \"error: The sandbox is not in sync with the Podfile.lock. Run 'pod install' or update your CocoaPods installation.\" >&2\n    exit 1\nfi\n# This output is used by Xcode 'outputs' to avoid re-running this script phase.\necho \"SUCCESS\" > \"${SCRIPT_OUTPUT_FILE_0}\"\n";
			showEnvVarsInLog = 0;
		};
/* End PBXShellScriptBuildPhase section */

/* Begin PBXSourcesBuildPhase section */
		C116347524C6B3CF00B6C394 /* Sources */ = {
			isa = PBXSourcesBuildPhase;
			buildActionMask = 2147483647;
			files = (
				C15166C224EBB9E3008B6DB0 /* UITapGestureRecognizer+Extension.swift in Sources */,
				C16DD96D24DD2D7C00EAC82E /* GameScreenViewModel.swift in Sources */,
				C1713CEC24CEC7B3002D0E04 /* AlertAssist.swift in Sources */,
				C1FD150324D152F700188BE0 /* CheckFields.swift in Sources */,
				C19693D024C6C61A0054296F /* VerticalStackView.swift in Sources */,
				C16DD98024E3F65000EAC82E /* RoundResult.swift in Sources */,
				C116348124C6B3CF00B6C394 /* LoginViewController.swift in Sources */,
				C1713C8B24C94B23002D0E04 /* RootViewController.swift in Sources */,
				C116347D24C6B3CF00B6C394 /* AppDelegate.swift in Sources */,
				C1713C9724CA8F10002D0E04 /* CustomTextFieldView.swift in Sources */,
				C1713CF424CFCCC4002D0E04 /* PopupMenu.swift in Sources */,
				C16DD97424DD60F400EAC82E /* SvgImageView.swift in Sources */,
				C1713CF124CED5D1002D0E04 /* CreateAccountViewModel.swift in Sources */,
				C1713CEA24CEAC50002D0E04 /* RecoverPasswordViewModel.swift in Sources */,
				C1DDE19B24EF7BB0004C2DAD /* Cell.swift in Sources */,
				C16DD96B24DD2D6F00EAC82E /* GameScreenViewController.swift in Sources */,
				C135296324D3C2F10004D9B8 /* UIViewController+Extension.swift in Sources */,
				C1713CF924CFE9E6002D0E04 /* CustomSelectButtonView.swift in Sources */,
				C16DD96F24DD3DCC00EAC82E /* UIColor+Extension.swift in Sources */,
				C19693ED24C71C250054296F /* TermsOfServiceViewController.swift in Sources */,
				C196940124C839320054296F /* UITextField+Extension.swift in Sources */,
				C16DD96024DA82DC00EAC82E /* MenuScreenViewModel.swift in Sources */,
				C19693EA24C710AF0054296F /* SendFeedbackViewController.swift in Sources */,
				C1713C9324C99D3D002D0E04 /* UIView+ExtensionLayout.swift in Sources */,
				C16DD95E24DA7A4E00EAC82E /* User.swift in Sources */,
				C1DDE19F24EF81F8004C2DAD /* Sample.swift in Sources */,
				C19693E424C6FC370054296F /* AboutUsViewController.swift in Sources */,
				C19693D524C6CEF40054296F /* Constants.swift in Sources */,
				C1713C9524CA88C4002D0E04 /* PrimaryButton.swift in Sources */,
				C19693E724C70B270054296F /* GetHelpViewController.swift in Sources */,
				C116349524C6B6E100B6C394 /* R.generated.swift in Sources */,
				C19693E224C6FA820054296F /* UILabel+Extension.swift in Sources */,
				C1DDE19D24EF817F004C2DAD /* Test.swift in Sources */,
				C1713CEF24CED257002D0E04 /* CreateAccountViewController.swift in Sources */,
				C1DDE1B124EFB8D4004C2DAD /* Trials.swift in Sources */,
				C1713C8F24C9529E002D0E04 /* SplashViewController.swift in Sources */,
				C135296524D3F4380004D9B8 /* EditProfileViewModel.swift in Sources */,
				C19693DC24C6D93F0054296F /* EmptyViewController.swift in Sources */,
				C16DD97E24E27A1200EAC82E /* SessionConfiguration.swift in Sources */,
				C1713C9C24CAC27E002D0E04 /* LoginViewModel.swift in Sources */,
				C16DD96424DAAEBB00EAC82E /* UserSession.swift in Sources */,
				C135296724D4051B0004D9B8 /* Dictionary+Extension.swift in Sources */,
				C13B712524D6C4D70035EF8F /* PickerViewController.swift in Sources */,
				C1713CF724CFD7AB002D0E04 /* FirebaseManager.swift in Sources */,
				C19693D324C6CE0E0054296F /* MenuScreenViewController.swift in Sources */,
				C19693DF24C6DA6E0054296F /* EditProfileViewController.swift in Sources */,
				C16DD95C24D9D58F00EAC82E /* GetHelpViewModel.swift in Sources */,
				C1713CE824CEA4D8002D0E04 /* RecoverPasswordViewController.swift in Sources */,
				C19693D724C6D6090054296F /* UIButton+Extension.swift in Sources */,
			);
			runOnlyForDeploymentPostprocessing = 0;
		};
		C1DDE1A024EF9DF1004C2DAD /* Sources */ = {
			isa = PBXSourcesBuildPhase;
			buildActionMask = 2147483647;
			files = (
				C1DDE1AF24EF9FB7004C2DAD /* GameScreenViewModelTests.swift in Sources */,
			);
			runOnlyForDeploymentPostprocessing = 0;
		};
/* End PBXSourcesBuildPhase section */

/* Begin PBXTargetDependency section */
		C1DDE1AA24EF9DF1004C2DAD /* PBXTargetDependency */ = {
			isa = PBXTargetDependency;
			target = C116347824C6B3CF00B6C394 /* uchicagonative */;
			targetProxy = C1DDE1A924EF9DF1004C2DAD /* PBXContainerItemProxy */;
		};
/* End PBXTargetDependency section */

/* Begin PBXVariantGroup section */
		C116348724C6B3D000B6C394 /* LaunchScreen.storyboard */ = {
			isa = PBXVariantGroup;
			children = (
				C116348824C6B3D000B6C394 /* Base */,
			);
			name = LaunchScreen.storyboard;
			sourceTree = "<group>";
		};
/* End PBXVariantGroup section */

/* Begin XCBuildConfiguration section */
		C116348B24C6B3D000B6C394 /* Debug */ = {
			isa = XCBuildConfiguration;
			buildSettings = {
				ALWAYS_SEARCH_USER_PATHS = NO;
				CLANG_ANALYZER_NONNULL = YES;
				CLANG_ANALYZER_NUMBER_OBJECT_CONVERSION = YES_AGGRESSIVE;
				CLANG_CXX_LANGUAGE_STANDARD = "gnu++14";
				CLANG_CXX_LIBRARY = "libc++";
				CLANG_ENABLE_MODULES = YES;
				CLANG_ENABLE_OBJC_ARC = YES;
				CLANG_ENABLE_OBJC_WEAK = YES;
				CLANG_WARN_BLOCK_CAPTURE_AUTORELEASING = YES;
				CLANG_WARN_BOOL_CONVERSION = YES;
				CLANG_WARN_COMMA = YES;
				CLANG_WARN_CONSTANT_CONVERSION = YES;
				CLANG_WARN_DEPRECATED_OBJC_IMPLEMENTATIONS = YES;
				CLANG_WARN_DIRECT_OBJC_ISA_USAGE = YES_ERROR;
				CLANG_WARN_DOCUMENTATION_COMMENTS = YES;
				CLANG_WARN_EMPTY_BODY = YES;
				CLANG_WARN_ENUM_CONVERSION = YES;
				CLANG_WARN_INFINITE_RECURSION = YES;
				CLANG_WARN_INT_CONVERSION = YES;
				CLANG_WARN_NON_LITERAL_NULL_CONVERSION = YES;
				CLANG_WARN_OBJC_IMPLICIT_RETAIN_SELF = YES;
				CLANG_WARN_OBJC_LITERAL_CONVERSION = YES;
				CLANG_WARN_OBJC_ROOT_CLASS = YES_ERROR;
				CLANG_WARN_RANGE_LOOP_ANALYSIS = YES;
				CLANG_WARN_STRICT_PROTOTYPES = YES;
				CLANG_WARN_SUSPICIOUS_MOVE = YES;
				CLANG_WARN_UNGUARDED_AVAILABILITY = YES_AGGRESSIVE;
				CLANG_WARN_UNREACHABLE_CODE = YES;
				CLANG_WARN__DUPLICATE_METHOD_MATCH = YES;
				COPY_PHASE_STRIP = NO;
				DEBUG_INFORMATION_FORMAT = dwarf;
				ENABLE_STRICT_OBJC_MSGSEND = YES;
				ENABLE_TESTABILITY = YES;
				GCC_C_LANGUAGE_STANDARD = gnu11;
				GCC_DYNAMIC_NO_PIC = NO;
				GCC_NO_COMMON_BLOCKS = YES;
				GCC_OPTIMIZATION_LEVEL = 0;
				GCC_PREPROCESSOR_DEFINITIONS = (
					"DEBUG=1",
					"$(inherited)",
				);
				GCC_WARN_64_TO_32_BIT_CONVERSION = YES;
				GCC_WARN_ABOUT_RETURN_TYPE = YES_ERROR;
				GCC_WARN_UNDECLARED_SELECTOR = YES;
				GCC_WARN_UNINITIALIZED_AUTOS = YES_AGGRESSIVE;
				GCC_WARN_UNUSED_FUNCTION = YES;
				GCC_WARN_UNUSED_VARIABLE = YES;
				IPHONEOS_DEPLOYMENT_TARGET = 12.0;
				MTL_ENABLE_DEBUG_INFO = INCLUDE_SOURCE;
				MTL_FAST_MATH = YES;
				ONLY_ACTIVE_ARCH = YES;
				SDKROOT = iphoneos;
				SWIFT_ACTIVE_COMPILATION_CONDITIONS = DEBUG;
				SWIFT_OPTIMIZATION_LEVEL = "-Onone";
			};
			name = Debug;
		};
		C116348C24C6B3D000B6C394 /* Release */ = {
			isa = XCBuildConfiguration;
			buildSettings = {
				ALWAYS_SEARCH_USER_PATHS = NO;
				CLANG_ANALYZER_NONNULL = YES;
				CLANG_ANALYZER_NUMBER_OBJECT_CONVERSION = YES_AGGRESSIVE;
				CLANG_CXX_LANGUAGE_STANDARD = "gnu++14";
				CLANG_CXX_LIBRARY = "libc++";
				CLANG_ENABLE_MODULES = YES;
				CLANG_ENABLE_OBJC_ARC = YES;
				CLANG_ENABLE_OBJC_WEAK = YES;
				CLANG_WARN_BLOCK_CAPTURE_AUTORELEASING = YES;
				CLANG_WARN_BOOL_CONVERSION = YES;
				CLANG_WARN_COMMA = YES;
				CLANG_WARN_CONSTANT_CONVERSION = YES;
				CLANG_WARN_DEPRECATED_OBJC_IMPLEMENTATIONS = YES;
				CLANG_WARN_DIRECT_OBJC_ISA_USAGE = YES_ERROR;
				CLANG_WARN_DOCUMENTATION_COMMENTS = YES;
				CLANG_WARN_EMPTY_BODY = YES;
				CLANG_WARN_ENUM_CONVERSION = YES;
				CLANG_WARN_INFINITE_RECURSION = YES;
				CLANG_WARN_INT_CONVERSION = YES;
				CLANG_WARN_NON_LITERAL_NULL_CONVERSION = YES;
				CLANG_WARN_OBJC_IMPLICIT_RETAIN_SELF = YES;
				CLANG_WARN_OBJC_LITERAL_CONVERSION = YES;
				CLANG_WARN_OBJC_ROOT_CLASS = YES_ERROR;
				CLANG_WARN_RANGE_LOOP_ANALYSIS = YES;
				CLANG_WARN_STRICT_PROTOTYPES = YES;
				CLANG_WARN_SUSPICIOUS_MOVE = YES;
				CLANG_WARN_UNGUARDED_AVAILABILITY = YES_AGGRESSIVE;
				CLANG_WARN_UNREACHABLE_CODE = YES;
				CLANG_WARN__DUPLICATE_METHOD_MATCH = YES;
				COPY_PHASE_STRIP = NO;
				DEBUG_INFORMATION_FORMAT = "dwarf-with-dsym";
				ENABLE_NS_ASSERTIONS = NO;
				ENABLE_STRICT_OBJC_MSGSEND = YES;
				GCC_C_LANGUAGE_STANDARD = gnu11;
				GCC_NO_COMMON_BLOCKS = YES;
				GCC_WARN_64_TO_32_BIT_CONVERSION = YES;
				GCC_WARN_ABOUT_RETURN_TYPE = YES_ERROR;
				GCC_WARN_UNDECLARED_SELECTOR = YES;
				GCC_WARN_UNINITIALIZED_AUTOS = YES_AGGRESSIVE;
				GCC_WARN_UNUSED_FUNCTION = YES;
				GCC_WARN_UNUSED_VARIABLE = YES;
				IPHONEOS_DEPLOYMENT_TARGET = 12.0;
				MTL_ENABLE_DEBUG_INFO = NO;
				MTL_FAST_MATH = YES;
				SDKROOT = iphoneos;
				SWIFT_COMPILATION_MODE = wholemodule;
				SWIFT_OPTIMIZATION_LEVEL = "-O";
				VALIDATE_PRODUCT = YES;
			};
			name = Release;
		};
		C116348E24C6B3D000B6C394 /* Debug */ = {
			isa = XCBuildConfiguration;
			baseConfigurationReference = C0FA2B54450C2D1DEFCE8148 /* Pods-uchicagonative.debug.xcconfig */;
			buildSettings = {
				ASSETCATALOG_COMPILER_APPICON_NAME = AppIcon;
				CODE_SIGN_STYLE = Automatic;
				DEVELOPMENT_TEAM = 97CJYDC5AL;
				INFOPLIST_FILE = uchicagonative/Commons/Info.plist;
				LD_RUNPATH_SEARCH_PATHS = (
					"$(inherited)",
					"@executable_path/Frameworks",
				);
				PRODUCT_BUNDLE_IDENTIFIER = com.enterprise.saritasa.awhvogellab.dev;
				PRODUCT_NAME = "$(TARGET_NAME)";
				SWIFT_VERSION = 5.0;
				TARGETED_DEVICE_FAMILY = "1,2";
			};
			name = Debug;
		};
		C116348F24C6B3D000B6C394 /* Release */ = {
			isa = XCBuildConfiguration;
			baseConfigurationReference = B2DB33634EAD77BD503BC23B /* Pods-uchicagonative.release.xcconfig */;
			buildSettings = {
				ASSETCATALOG_COMPILER_APPICON_NAME = AppIcon;
				CODE_SIGN_STYLE = Automatic;
				DEVELOPMENT_TEAM = 97CJYDC5AL;
				INFOPLIST_FILE = uchicagonative/Commons/Info.plist;
				LD_RUNPATH_SEARCH_PATHS = (
					"$(inherited)",
					"@executable_path/Frameworks",
				);
				PRODUCT_BUNDLE_IDENTIFIER = com.enterprise.saritasa.awhvogellab.dev;
				PRODUCT_NAME = "$(TARGET_NAME)";
				SWIFT_VERSION = 5.0;
				TARGETED_DEVICE_FAMILY = "1,2";
			};
			name = Release;
		};
		C1DDE1AC24EF9DF1004C2DAD /* Debug */ = {
			isa = XCBuildConfiguration;
			baseConfigurationReference = 3A831BF9AA14B4AEA62E3772 /* Pods-uchicagonativeTests.debug.xcconfig */;
			buildSettings = {
				BUNDLE_LOADER = "$(TEST_HOST)";
				CLANG_ENABLE_MODULES = YES;
				CODE_SIGN_STYLE = Automatic;
				DEVELOPMENT_TEAM = C2DTM5R2BJ;
				INFOPLIST_FILE = uchicagonativeTests/Info.plist;
				IPHONEOS_DEPLOYMENT_TARGET = 12.0;
				LD_RUNPATH_SEARCH_PATHS = (
					"$(inherited)",
					"@executable_path/Frameworks",
					"@loader_path/Frameworks",
				);
				PRODUCT_BUNDLE_IDENTIFIER = vasilymatveev.uchicagonativeTests;
				PRODUCT_NAME = "$(TARGET_NAME)";
				SWIFT_OPTIMIZATION_LEVEL = "-Onone";
				SWIFT_VERSION = 5.0;
				TARGETED_DEVICE_FAMILY = "1,2";
				TEST_HOST = "$(BUILT_PRODUCTS_DIR)/uchicagonative.app/uchicagonative";
			};
			name = Debug;
		};
		C1DDE1AD24EF9DF1004C2DAD /* Release */ = {
			isa = XCBuildConfiguration;
			baseConfigurationReference = 452E7DE1E42071F3EF87F67F /* Pods-uchicagonativeTests.release.xcconfig */;
			buildSettings = {
				BUNDLE_LOADER = "$(TEST_HOST)";
				CLANG_ENABLE_MODULES = YES;
				CODE_SIGN_STYLE = Automatic;
				DEVELOPMENT_TEAM = C2DTM5R2BJ;
				INFOPLIST_FILE = uchicagonativeTests/Info.plist;
				IPHONEOS_DEPLOYMENT_TARGET = 12.0;
				LD_RUNPATH_SEARCH_PATHS = (
					"$(inherited)",
					"@executable_path/Frameworks",
					"@loader_path/Frameworks",
				);
				PRODUCT_BUNDLE_IDENTIFIER = vasilymatveev.uchicagonativeTests;
				PRODUCT_NAME = "$(TARGET_NAME)";
				SWIFT_VERSION = 5.0;
				TARGETED_DEVICE_FAMILY = "1,2";
				TEST_HOST = "$(BUILT_PRODUCTS_DIR)/uchicagonative.app/uchicagonative";
			};
			name = Release;
		};
/* End XCBuildConfiguration section */

/* Begin XCConfigurationList section */
		C116347424C6B3CF00B6C394 /* Build configuration list for PBXProject "uchicagonative" */ = {
			isa = XCConfigurationList;
			buildConfigurations = (
				C116348B24C6B3D000B6C394 /* Debug */,
				C116348C24C6B3D000B6C394 /* Release */,
			);
			defaultConfigurationIsVisible = 0;
			defaultConfigurationName = Release;
		};
		C116348D24C6B3D000B6C394 /* Build configuration list for PBXNativeTarget "uchicagonative" */ = {
			isa = XCConfigurationList;
			buildConfigurations = (
				C116348E24C6B3D000B6C394 /* Debug */,
				C116348F24C6B3D000B6C394 /* Release */,
			);
			defaultConfigurationIsVisible = 0;
			defaultConfigurationName = Release;
		};
		C1DDE1AB24EF9DF1004C2DAD /* Build configuration list for PBXNativeTarget "uchicagonativeTests" */ = {
			isa = XCConfigurationList;
			buildConfigurations = (
				C1DDE1AC24EF9DF1004C2DAD /* Debug */,
				C1DDE1AD24EF9DF1004C2DAD /* Release */,
			);
			defaultConfigurationIsVisible = 0;
			defaultConfigurationName = Release;
		};
/* End XCConfigurationList section */
	};
	rootObject = C116347124C6B3CF00B6C394 /* Project object */;
}
